
Microsoft Visual Studio Solution File, Format Version 12.00
# Visual Studio Version 16
VisualStudioVersion = 16.0.32407.337
MinimumVisualStudioVersion = 10.0.40219.1
Project("{FAE04EC0-301F-11D3-BF4B-00C04F79EFBC}") = "AppQL_NhanSu", "AppQL_NhanSu\AppQL_NhanSu.csproj", "{D44088C3-A47C-4BA9-87A2-64A7ADDD1E40}"
EndProject
Global
	GlobalSection(SolutionConfigurationPlatforms) = preSolution
		Debug|Any CPU = Debug|Any CPU
		Release|Any CPU = Release|Any CPU
	EndGlobalSection
	GlobalSection(ProjectConfigurationPlatforms) = postSolution
		{D44088C3-A47C-4BA9-87A2-64A7ADDD1E40}.Debug|Any CPU.ActiveCfg = Debug|Any CPU
		{D44088C3-A47C-4BA9-87A2-64A7ADDD1E40}.Debug|Any CPU.Build.0 = Debug|Any CPU
		{D44088C3-A47C-4BA9-87A2-64A7ADDD1E40}.Release|Any CPU.ActiveCfg = Release|Any CPU
		{D44088C3-A47C-4BA9-87A2-64A7ADDD1E40}.Release|Any CPU.Build.0 = Release|Any CPU
	EndGlobalSection
	GlobalSection(SolutionProperties) = preSolution
		HideSolutionNode = FALSE
	EndGlobalSection
	GlobalSection(ExtensibilityGlobals) = postSolution
		SolutionGuid = {D976D529-D11E-48DF-AC94-DDDC79E7752D}
	EndGlobalSection
EndGlobal
